# This file is @generated by PDM.
# It is not intended for manual editing.

[metadata]
groups = ["default"]
strategy = ["inherit_metadata"]
lock_version = "4.5.0"
content_hash = "sha256:30a59a8d6410d5cd8dde46daf8723c4187a180527a869edb8e6fcad9be134a69"

[[metadata.targets]]
requires_python = "==3.12.*"

[[package]]
name = "lxml"
version = "5.3.1"
requires_python = ">=3.6"
summary = "Powerful and Pythonic XML processing library combining libxml2/libxslt with the ElementTree API."
groups = ["default"]
files = [
    {file = "lxml-5.3.1-cp312-cp312-macosx_10_9_universal2.whl", hash = "sha256:e69add9b6b7b08c60d7ff0152c7c9a6c45b4a71a919be5abde6f98f1ea16421c"},
    {file = "lxml-5.3.1-cp312-cp312-macosx_10_9_x86_64.whl", hash = "sha256:4e52e1b148867b01c05e21837586ee307a01e793b94072d7c7b91d2c2da02ffe"},
    {file = "lxml-5.3.1-cp312-cp312-manylinux_2_12_i686.manylinux2010_i686.manylinux_2_17_i686.manylinux2014_i686.whl", hash = "sha256:a4b382e0e636ed54cd278791d93fe2c4f370772743f02bcbe431a160089025c9"},
    {file = "lxml-5.3.1-cp312-cp312-manylinux_2_17_aarch64.manylinux2014_aarch64.whl", hash = "sha256:c2e49dc23a10a1296b04ca9db200c44d3eb32c8d8ec532e8c1fd24792276522a"},
    {file = "lxml-5.3.1-cp312-cp312-manylinux_2_17_ppc64le.manylinux2014_ppc64le.whl", hash = "sha256:4399b4226c4785575fb20998dc571bc48125dc92c367ce2602d0d70e0c455eb0"},
    {file = "lxml-5.3.1-cp312-cp312-manylinux_2_17_s390x.manylinux2014_s390x.whl", hash = "sha256:5412500e0dc5481b1ee9cf6b38bb3b473f6e411eb62b83dc9b62699c3b7b79f7"},
    {file = "lxml-5.3.1-cp312-cp312-manylinux_2_17_x86_64.manylinux2014_x86_64.whl", hash = "sha256:1c93ed3c998ea8472be98fb55aed65b5198740bfceaec07b2eba551e55b7b9ae"},
    {file = "lxml-5.3.1-cp312-cp312-manylinux_2_28_aarch64.whl", hash = "sha256:63d57fc94eb0bbb4735e45517afc21ef262991d8758a8f2f05dd6e4174944519"},
    {file = "lxml-5.3.1-cp312-cp312-manylinux_2_28_ppc64le.whl", hash = "sha256:b450d7cabcd49aa7ab46a3c6aa3ac7e1593600a1a0605ba536ec0f1b99a04322"},
    {file = "lxml-5.3.1-cp312-cp312-manylinux_2_28_s390x.whl", hash = "sha256:4df0ec814b50275ad6a99bc82a38b59f90e10e47714ac9871e1b223895825468"},
    {file = "lxml-5.3.1-cp312-cp312-manylinux_2_28_x86_64.whl", hash = "sha256:d184f85ad2bb1f261eac55cddfcf62a70dee89982c978e92b9a74a1bfef2e367"},
    {file = "lxml-5.3.1-cp312-cp312-musllinux_1_2_aarch64.whl", hash = "sha256:b725e70d15906d24615201e650d5b0388b08a5187a55f119f25874d0103f90dd"},
    {file = "lxml-5.3.1-cp312-cp312-musllinux_1_2_ppc64le.whl", hash = "sha256:a31fa7536ec1fb7155a0cd3a4e3d956c835ad0a43e3610ca32384d01f079ea1c"},
    {file = "lxml-5.3.1-cp312-cp312-musllinux_1_2_s390x.whl", hash = "sha256:3c3c8b55c7fc7b7e8877b9366568cc73d68b82da7fe33d8b98527b73857a225f"},
    {file = "lxml-5.3.1-cp312-cp312-musllinux_1_2_x86_64.whl", hash = "sha256:d61ec60945d694df806a9aec88e8f29a27293c6e424f8ff91c80416e3c617645"},
    {file = "lxml-5.3.1-cp312-cp312-win32.whl", hash = "sha256:f4eac0584cdc3285ef2e74eee1513a6001681fd9753b259e8159421ed28a72e5"},
    {file = "lxml-5.3.1-cp312-cp312-win_amd64.whl", hash = "sha256:29bfc8d3d88e56ea0a27e7c4897b642706840247f59f4377d81be8f32aa0cfbf"},
    {file = "lxml-5.3.1.tar.gz", hash = "sha256:106b7b5d2977b339f1e97efe2778e2ab20e99994cbb0ec5e55771ed0795920c8"},
]

[[package]]
name = "numpy"
version = "2.2.4"
requires_python = ">=3.10"
summary = "Fundamental package for array computing in Python"
groups = ["default"]
marker = "python_version >= \"3.12\""
files = [
    {file = "numpy-2.2.4-cp312-cp312-macosx_10_13_x86_64.whl", hash = "sha256:a7b9084668aa0f64e64bd00d27ba5146ef1c3a8835f3bd912e7a9e01326804c4"},
    {file = "numpy-2.2.4-cp312-cp312-macosx_11_0_arm64.whl", hash = "sha256:dbe512c511956b893d2dacd007d955a3f03d555ae05cfa3ff1c1ff6df8851854"},
    {file = "numpy-2.2.4-cp312-cp312-macosx_14_0_arm64.whl", hash = "sha256:bb649f8b207ab07caebba230d851b579a3c8711a851d29efe15008e31bb4de24"},
    {file = "numpy-2.2.4-cp312-cp312-macosx_14_0_x86_64.whl", hash = "sha256:f34dc300df798742b3d06515aa2a0aee20941c13579d7a2f2e10af01ae4901ee"},
    {file = "numpy-2.2.4-cp312-cp312-manylinux_2_17_aarch64.manylinux2014_aarch64.whl", hash = "sha256:c3f7ac96b16955634e223b579a3e5798df59007ca43e8d451a0e6a50f6bfdfba"},
    {file = "numpy-2.2.4-cp312-cp312-manylinux_2_17_x86_64.manylinux2014_x86_64.whl", hash = "sha256:4f92084defa704deadd4e0a5ab1dc52d8ac9e8a8ef617f3fbb853e79b0ea3592"},
    {file = "numpy-2.2.4-cp312-cp312-musllinux_1_2_aarch64.whl", hash = "sha256:7a4e84a6283b36632e2a5b56e121961f6542ab886bc9e12f8f9818b3c266bfbb"},
    {file = "numpy-2.2.4-cp312-cp312-musllinux_1_2_x86_64.whl", hash = "sha256:11c43995255eb4127115956495f43e9343736edb7fcdb0d973defd9de14cd84f"},
    {file = "numpy-2.2.4-cp312-cp312-win32.whl", hash = "sha256:65ef3468b53269eb5fdb3a5c09508c032b793da03251d5f8722b1194f1790c00"},
    {file = "numpy-2.2.4-cp312-cp312-win_amd64.whl", hash = "sha256:2aad3c17ed2ff455b8eaafe06bcdae0062a1db77cb99f4b9cbb5f4ecb13c5146"},
    {file = "numpy-2.2.4.tar.gz", hash = "sha256:9ba03692a45d3eef66559efe1d1096c4b9b75c0986b5dff5530c378fb8331d4f"},
]

[[package]]
name = "pandas"
version = "2.2.3"
requires_python = ">=3.9"
summary = "Powerful data structures for data analysis, time series, and statistics"
groups = ["default"]
dependencies = [
    "numpy>=1.22.4; python_version < \"3.11\"",
    "numpy>=1.23.2; python_version == \"3.11\"",
    "numpy>=1.26.0; python_version >= \"3.12\"",
    "python-dateutil>=2.8.2",
    "pytz>=2020.1",
    "tzdata>=2022.7",
]
files = [
    {file = "pandas-2.2.3-cp312-cp312-macosx_10_9_x86_64.whl", hash = "sha256:b1d432e8d08679a40e2a6d8b2f9770a5c21793a6f9f47fdd52c5ce1948a5a8a9"},
    {file = "pandas-2.2.3-cp312-cp312-macosx_11_0_arm64.whl", hash = "sha256:a5a1595fe639f5988ba6a8e5bc9649af3baf26df3998a0abe56c02609392e0a4"},
    {file = "pandas-2.2.3-cp312-cp312-manylinux2014_aarch64.manylinux_2_17_aarch64.whl", hash = "sha256:5de54125a92bb4d1c051c0659e6fcb75256bf799a732a87184e5ea503965bce3"},
    {file = "pandas-2.2.3-cp312-cp312-manylinux_2_17_x86_64.manylinux2014_x86_64.whl", hash = "sha256:fffb8ae78d8af97f849404f21411c95062db1496aeb3e56f146f0355c9989319"},
    {file = "pandas-2.2.3-cp312-cp312-musllinux_1_2_aarch64.whl", hash = "sha256:6dfcb5ee8d4d50c06a51c2fffa6cff6272098ad6540aed1a76d15fb9318194d8"},
    {file = "pandas-2.2.3-cp312-cp312-musllinux_1_2_x86_64.whl", hash = "sha256:062309c1b9ea12a50e8ce661145c6aab431b1e99530d3cd60640e255778bd43a"},
    {file = "pandas-2.2.3-cp312-cp312-win_amd64.whl", hash = "sha256:59ef3764d0fe818125a5097d2ae867ca3fa64df032331b7e0917cf5d7bf66b13"},
    {file = "pandas-2.2.3.tar.gz", hash = "sha256:4f18ba62b61d7e192368b84517265a99b4d7ee8912f8708660fb4a366cc82667"},
]

[[package]]
name = "python-dateutil"
version = "2.9.0.post0"
requires_python = "!=3.0.*,!=3.1.*,!=3.2.*,>=2.7"
summary = "Extensions to the standard Python datetime module"
groups = ["default"]
dependencies = [
    "six>=1.5",
]
files = [
    {file = "python-dateutil-2.9.0.post0.tar.gz", hash = "sha256:37dd54208da7e1cd875388217d5e00ebd4179249f90fb72437e91a35459a0ad3"},
    {file = "python_dateutil-2.9.0.post0-py2.py3-none-any.whl", hash = "sha256:a8b2bc7bffae282281c8140a97d3aa9c14da0b136dfe83f850eea9a5f7470427"},
]

[[package]]
name = "pytz"
version = "2025.2"
summary = "World timezone definitions, modern and historical"
groups = ["default"]
files = [
    {file = "pytz-2025.2-py2.py3-none-any.whl", hash = "sha256:5ddf76296dd8c44c26eb8f4b6f35488f3ccbf6fbbd7adee0b7262d43f0ec2f00"},
    {file = "pytz-2025.2.tar.gz", hash = "sha256:360b9e3dbb49a209c21ad61809c7fb453643e048b38924c765813546746e81c3"},
]

[[package]]
name = "six"
version = "1.17.0"
requires_python = "!=3.0.*,!=3.1.*,!=3.2.*,>=2.7"
summary = "Python 2 and 3 compatibility utilities"
groups = ["default"]
files = [
    {file = "six-1.17.0-py2.py3-none-any.whl", hash = "sha256:4721f391ed90541fddacab5acf947aa0d3dc7d27b2e1e8eda2be8970586c3274"},
    {file = "six-1.17.0.tar.gz", hash = "sha256:ff70335d468e7eb6ec65b95b99d3a2836546063f63acc5171de367e834932a81"},
]

[[package]]
name = "tzdata"
version = "2025.2"
requires_python = ">=2"
summary = "Provider of IANA time zone data"
groups = ["default"]
files = [
    {file = "tzdata-2025.2-py2.py3-none-any.whl", hash = "sha256:1a403fada01ff9221ca8044d701868fa132215d84beb92242d9acd2147f667a8"},
    {file = "tzdata-2025.2.tar.gz", hash = "sha256:b60a638fcc0daffadf82fe0f57e53d06bdec2f36c4df66280ae79bce6bd6f2b9"},
]
